
Microsoft Visual Studio Solution File, Format Version 12.00
# Visual Studio Version 17
VisualStudioVersion = 17.10.35027.167
MinimumVisualStudioVersion = 10.0.40219.1
Project("{FAE04EC0-301F-11D3-BF4B-00C04F79EFBC}") = "Gestion_etat", "Gestion_etat\Gestion_etat.csproj", "{359343AB-C0E4-4B6C-9522-856659AD45E7}"
EndProject
Global
	GlobalSection(SolutionConfigurationPlatforms) = preSolution
		Debug|Any CPU = Debug|Any CPU
		Release|Any CPU = Release|Any CPU
	EndGlobalSection
	GlobalSection(ProjectConfigurationPlatforms) = postSolution
		{359343AB-C0E4-4B6C-9522-856659AD45E7}.Debug|Any CPU.ActiveCfg = Debug|Any CPU
		{359343AB-C0E4-4B6C-9522-856659AD45E7}.Debug|Any CPU.Build.0 = Debug|Any CPU
		{359343AB-C0E4-4B6C-9522-856659AD45E7}.Release|Any CPU.ActiveCfg = Release|Any CPU
		{359343AB-C0E4-4B6C-9522-856659AD45E7}.Release|Any CPU.Build.0 = Release|Any CPU
	EndGlobalSection
	GlobalSection(SolutionProperties) = preSolution
		HideSolutionNode = FALSE
	EndGlobalSection
	GlobalSection(ExtensibilityGlobals) = postSolution
		SolutionGuid = {277A827A-1450-4488-8BE1-249507CEF2F9}
	EndGlobalSection
EndGlobal
